
Microsoft Visual Studio Solution File, Format Version 12.00
# Visual Studio Version 17
VisualStudioVersion = 17.7.33913.275
MinimumVisualStudioVersion = 10.0.40219.1
Project("{FAE04EC0-301F-11D3-BF4B-00C04F79EFBC}") = "CRUDonPlayerArray", "CRUDonPlayerArray\CRUDonPlayerArray.csproj", "{8D1D20D3-2432-4A4F-ACCB-B1D85E242A5C}"
EndProject
Global
	GlobalSection(SolutionConfigurationPlatforms) = preSolution
		Debug|Any CPU = Debug|Any CPU
		Release|Any CPU = Release|Any CPU
	EndGlobalSection
	GlobalSection(ProjectConfigurationPlatforms) = postSolution
		{8D1D20D3-2432-4A4F-ACCB-B1D85E242A5C}.Debug|Any CPU.ActiveCfg = Debug|Any CPU
		{8D1D20D3-2432-4A4F-ACCB-B1D85E242A5C}.Debug|Any CPU.Build.0 = Debug|Any CPU
		{8D1D20D3-2432-4A4F-ACCB-B1D85E242A5C}.Release|Any CPU.ActiveCfg = Release|Any CPU
		{8D1D20D3-2432-4A4F-ACCB-B1D85E242A5C}.Release|Any CPU.Build.0 = Release|Any CPU
	EndGlobalSection
	GlobalSection(SolutionProperties) = preSolution
		HideSolutionNode = FALSE
	EndGlobalSection
	GlobalSection(ExtensibilityGlobals) = postSolution
		SolutionGuid = {20BD21E6-5227-4073-B023-1BBF34DA689A}
	EndGlobalSection
EndGlobal
